
Microsoft Visual Studio Solution File, Format Version 12.00
# Visual Studio 2013
VisualStudioVersion = 12.0.40629.0
MinimumVisualStudioVersion = 10.0.40219.1
Project("{FAE04EC0-301F-11D3-BF4B-00C04F79EFBC}") = "MedWorkflow", "MedWorkflow\MedWorkflow.csproj", "{407FD683-960E-4C56-B58B-295377983547}"
EndProject
Project("{FAE04EC0-301F-11D3-BF4B-00C04F79EFBC}") = "MedWorkflow.UnitTests", "MedWorkflow.UnitTests\MedWorkflow.UnitTests.csproj", "{AD4ED85C-87CA-4064-BB25-026D1B1C002E}"
EndProject
Project("{FAE04EC0-301F-11D3-BF4B-00C04F79EFBC}") = "MedWorkflow.Demo", "MedWorkflow.Demo\MedWorkflow.Demo.csproj", "{A154DCE2-C161-4016-8FD5-621EF78EC4F9}"
EndProject
Project("{FAE04EC0-301F-11D3-BF4B-00C04F79EFBC}") = "MedWorkflow.Web", "MedWorkflow.Web\MedWorkflow.Web.csproj", "{640276E8-00CC-4C0E-AB69-1BBA906686B2}"
EndProject
Project("{FAE04EC0-301F-11D3-BF4B-00C04F79EFBC}") = "MedWorkflow.WebDemo", "MedWorkflow.WebDemo\MedWorkflow.WebDemo.csproj", "{D2B5383F-D8D9-49A2-8939-B5C0F3500DCC}"
EndProject
Global
	GlobalSection(SolutionConfigurationPlatforms) = preSolution
		Debug|Any CPU = Debug|Any CPU
		Release|Any CPU = Release|Any CPU
	EndGlobalSection
	GlobalSection(ProjectConfigurationPlatforms) = postSolution
		{407FD683-960E-4C56-B58B-295377983547}.Debug|Any CPU.ActiveCfg = Debug|Any CPU
		{407FD683-960E-4C56-B58B-295377983547}.Debug|Any CPU.Build.0 = Debug|Any CPU
		{407FD683-960E-4C56-B58B-295377983547}.Release|Any CPU.ActiveCfg = Release|Any CPU
		{407FD683-960E-4C56-B58B-295377983547}.Release|Any CPU.Build.0 = Release|Any CPU
		{AD4ED85C-87CA-4064-BB25-026D1B1C002E}.Debug|Any CPU.ActiveCfg = Debug|Any CPU
		{AD4ED85C-87CA-4064-BB25-026D1B1C002E}.Debug|Any CPU.Build.0 = Debug|Any CPU
		{AD4ED85C-87CA-4064-BB25-026D1B1C002E}.Release|Any CPU.ActiveCfg = Release|Any CPU
		{AD4ED85C-87CA-4064-BB25-026D1B1C002E}.Release|Any CPU.Build.0 = Release|Any CPU
		{A154DCE2-C161-4016-8FD5-621EF78EC4F9}.Debug|Any CPU.ActiveCfg = Debug|Any CPU
		{A154DCE2-C161-4016-8FD5-621EF78EC4F9}.Debug|Any CPU.Build.0 = Debug|Any CPU
		{A154DCE2-C161-4016-8FD5-621EF78EC4F9}.Release|Any CPU.ActiveCfg = Release|Any CPU
		{A154DCE2-C161-4016-8FD5-621EF78EC4F9}.Release|Any CPU.Build.0 = Release|Any CPU
		{640276E8-00CC-4C0E-AB69-1BBA906686B2}.Debug|Any CPU.ActiveCfg = Debug|Any CPU
		{640276E8-00CC-4C0E-AB69-1BBA906686B2}.Debug|Any CPU.Build.0 = Debug|Any CPU
		{640276E8-00CC-4C0E-AB69-1BBA906686B2}.Release|Any CPU.ActiveCfg = Release|Any CPU
		{640276E8-00CC-4C0E-AB69-1BBA906686B2}.Release|Any CPU.Build.0 = Release|Any CPU
		{D2B5383F-D8D9-49A2-8939-B5C0F3500DCC}.Debug|Any CPU.ActiveCfg = Debug|Any CPU
		{D2B5383F-D8D9-49A2-8939-B5C0F3500DCC}.Debug|Any CPU.Build.0 = Debug|Any CPU
		{D2B5383F-D8D9-49A2-8939-B5C0F3500DCC}.Release|Any CPU.ActiveCfg = Release|Any CPU
		{D2B5383F-D8D9-49A2-8939-B5C0F3500DCC}.Release|Any CPU.Build.0 = Release|Any CPU
	EndGlobalSection
	GlobalSection(SolutionProperties) = preSolution
		HideSolutionNode = FALSE
	EndGlobalSection
EndGlobal
